
Microsoft Visual Studio Solution File, Format Version 12.00
# Visual Studio Version 17
VisualStudioVersion = 17.0.32014.148
MinimumVisualStudioVersion = 10.0.40219.1
Project("{FAE04EC0-301F-11D3-BF4B-00C04F79EFBC}") = "Problem31-ProjectEuler", "Problem31-ProjectEuler\Problem31-ProjectEuler.csproj", "{7A7BF5BD-498C-4811-BB02-D4E6DA6B4433}"
EndProject
Global
	GlobalSection(SolutionConfigurationPlatforms) = preSolution
		Debug|Any CPU = Debug|Any CPU
		Release|Any CPU = Release|Any CPU
	EndGlobalSection
	GlobalSection(ProjectConfigurationPlatforms) = postSolution
		{7A7BF5BD-498C-4811-BB02-D4E6DA6B4433}.Debug|Any CPU.ActiveCfg = Debug|Any CPU
		{7A7BF5BD-498C-4811-BB02-D4E6DA6B4433}.Debug|Any CPU.Build.0 = Debug|Any CPU
		{7A7BF5BD-498C-4811-BB02-D4E6DA6B4433}.Release|Any CPU.ActiveCfg = Release|Any CPU
		{7A7BF5BD-498C-4811-BB02-D4E6DA6B4433}.Release|Any CPU.Build.0 = Release|Any CPU
	EndGlobalSection
	GlobalSection(SolutionProperties) = preSolution
		HideSolutionNode = FALSE
	EndGlobalSection
	GlobalSection(ExtensibilityGlobals) = postSolution
		SolutionGuid = {0442AB32-3EFA-4CA8-A849-958230447F32}
	EndGlobalSection
EndGlobal
